// !$*UTF8*$!
{
	archiveVersion = 1;
	classes = {
	};
	objectVersion = 50;
	objects = {

/* Begin PBXBuildFile section */
		B129CAFB24EF339100D1E622 /* AppDelegate.swift in Sources */ = {isa = PBXBuildFile; fileRef = B129CAFA24EF339100D1E622 /* AppDelegate.swift */; };
		B129CAFD24EF339100D1E622 /* SceneDelegate.swift in Sources */ = {isa = PBXBuildFile; fileRef = B129CAFC24EF339100D1E622 /* SceneDelegate.swift */; };
		B129CAFF24EF339100D1E622 /* ViewController.swift in Sources */ = {isa = PBXBuildFile; fileRef = B129CAFE24EF339100D1E622 /* ViewController.swift */; };
		B129CB0224EF339100D1E622 /* Main.storyboard in Resources */ = {isa = PBXBuildFile; fileRef = B129CB0024EF339100D1E622 /* Main.storyboard */; };
		B129CB0424EF339200D1E622 /* Assets.xcassets in Resources */ = {isa = PBXBuildFile; fileRef = B129CB0324EF339200D1E622 /* Assets.xcassets */; };
		B129CB0724EF339200D1E622 /* LaunchScreen.storyboard in Resources */ = {isa = PBXBuildFile; fileRef = B129CB0524EF339200D1E622 /* LaunchScreen.storyboard */; };
/* End PBXBuildFile section */

/* Begin PBXFileReference section */
		B129CAF724EF339100D1E622 /* customMapAnnotations.app */ = {isa = PBXFileReference; explicitFileType = wrapper.application; includeInIndex = 0; path = customMapAnnotations.app; sourceTree = BUILT_PRODUCTS_DIR; };
		B129CAFA24EF339100D1E622 /* AppDelegate.swift */ = {isa = PBXFileReference; lastKnownFileType = sourcecode.swift; path = AppDelegate.swift; sourceTree = "<group>"; };
		B129CAFC24EF339100D1E622 /* SceneDelegate.swift */ = {isa = PBXFileReference; lastKnownFileType = sourcecode.swift; path = SceneDelegate.swift; sourceTree = "<group>"; };
		B129CAFE24EF339100D1E622 /* ViewController.swift */ = {isa = PBXFileReference; lastKnownFileType = sourcecode.swift; path = ViewController.swift; sourceTree = "<group>"; };
		B129CB0124EF339100D1E622 /* Base */ = {isa = PBXFileReference; lastKnownFileType = file.storyboard; name = Base; path = Base.lproj/Main.storyboard; sourceTree = "<group>"; };
		B129CB0324EF339200D1E622 /* Assets.xcassets */ = {isa = PBXFileReference; lastKnownFileType = folder.assetcatalog; path = Assets.xcassets; sourceTree = "<group>"; };
		B129CB0624EF339200D1E622 /* Base */ = {isa = PBXFileReference; lastKnownFileType = file.storyboard; name = Base; path = Base.lproj/LaunchScreen.storyboard; sourceTree = "<group>"; };
		B129CB0824EF339200D1E622 /* Info.plist */ = {isa = PBXFileReference; lastKnownFileType = text.plist.xml; path = Info.plist; sourceTree = "<group>"; };
/* End PBXFileReference section */

/* Begin PBXFrameworksBuildPhase section */
		B129CAF424EF339100D1E622 /* Frameworks */ = {
			isa = PBXFrameworksBuildPhase;
			buildActionMask = 2147483647;
			files = (
			);
			runOnlyForDeploymentPostprocessing = 0;
		};
/* End PBXFrameworksBuildPhase section */

/* Begin PBXGroup section */
		B129CAEE24EF339100D1E622 = {
			isa = PBXGroup;
			children = (
				B129CAF924EF339100D1E622 /* customMapAnnotations */,
				B129CAF824EF339100D1E622 /* Products */,
			);
			sourceTree = "<group>";
		};
		B129CAF824EF339100D1E622 /* Products */ = {
			isa = PBXGroup;
			children = (
				B129CAF724EF339100D1E622 /* customMapAnnotations.app */,
			);
			name = Products;
			sourceTree = "<group>";
		};
		B129CAF924EF339100D1E622 /* customMapAnnotations */ = {
			isa = PBXGroup;
			children = (
				B129CAFA24EF339100D1E622 /* AppDelegate.swift */,
				B129CAFC24EF339100D1E622 /* SceneDelegate.swift */,
				B129CAFE24EF339100D1E622 /* ViewController.swift */,
				B129CB0024EF339100D1E622 /* Main.storyboard */,
				B129CB0324EF339200D1E622 /* Assets.xcassets */,
				B129CB0524EF339200D1E622 /* LaunchScreen.storyboard */,
				B129CB0824EF339200D1E622 /* Info.plist */,
			);
			path = customMapAnnotations;
			sourceTree = "<group>";
		};
/* End PBXGroup section */

/* Begin PBXNativeTarget section */
		B129CAF624EF339100D1E622 /* customMapAnnotations */ = {
			isa = PBXNativeTarget;
			buildConfigurationList = B129CB0B24EF339200D1E622 /* Build configuration list for PBXNativeTarget "customMapAnnotations" */;
			buildPhases = (
				B129CAF324EF339100D1E622 /* Sources */,
				B129CAF424EF339100D1E622 /* Frameworks */,
				B129CAF524EF339100D1E622 /* Resources */,
			);
			buildRules = (
			);
			dependencies = (
			);
			name = customMapAnnotations;
			productName = customMapAnnotations;
			productReference = B129CAF724EF339100D1E622 /* customMapAnnotations.app */;
			productType = "com.apple.product-type.application";
		};
/* End PBXNativeTarget section */

/* Begin PBXProject section */
		B129CAEF24EF339100D1E622 /* Project object */ = {
			isa = PBXProject;
			attributes = {
				LastSwiftUpdateCheck = 1160;
				LastUpgradeCheck = 1160;
				ORGANIZATIONNAME = randomorg;
				TargetAttributes = {
					B129CAF624EF339100D1E622 = {
						CreatedOnToolsVersion = 11.6;
					};
				};
			};
			buildConfigurationList = B129CAF224EF339100D1E622 /* Build configuration list for PBXProject "customMapAnnotations" */;
			compatibilityVersion = "Xcode 9.3";
			developmentRegion = en;
			hasScannedForEncodings = 0;
			knownRegions = (
				en,
				Base,
			);
			mainGroup = B129CAEE24EF339100D1E622;
			productRefGroup = B129CAF824EF339100D1E622 /* Products */;
			projectDirPath = "";
			projectRoot = "";
			targets = (
				B129CAF624EF339100D1E622 /* customMapAnnotations */,
			);
		};
/* End PBXProject section */

/* Begin PBXResourcesBuildPhase section */
		B129CAF524EF339100D1E622 /* Resources */ = {
			isa = PBXResourcesBuildPhase;
			buildActionMask = 2147483647;
			files = (
				B129CB0724EF339200D1E622 /* LaunchScreen.storyboard in Resources */,
				B129CB0424EF339200D1E622 /* Assets.xcassets in Resources */,
				B129CB0224EF339100D1E622 /* Main.storyboard in Resources */,
			);
			runOnlyForDeploymentPostprocessing = 0;
		};
/* End PBXResourcesBuildPhase section */

/* Begin PBXSourcesBuildPhase section */
		B129CAF324EF339100D1E622 /* Sources */ = {
			isa = PBXSourcesBuildPhase;
			buildActionMask = 2147483647;
			files = (
				B129CAFF24EF339100D1E622 /* ViewController.swift in Sources */,
				B129CAFB24EF339100D1E622 /* AppDelegate.swift in Sources */,
				B129CAFD24EF339100D1E622 /* SceneDelegate.swift in Sources */,
			);
			runOnlyForDeploymentPostprocessing = 0;
		};
/* End PBXSourcesBuildPhase section */

/* Begin PBXVariantGroup section */
		B129CB0024EF339100D1E622 /* Main.storyboard */ = {
			isa = PBXVariantGroup;
			children = (
				B129CB0124EF339100D1E622 /* Base */,
			);
			name = Main.storyboard;
			sourceTree = "<group>";
		};
		B129CB0524EF339200D1E622 /* LaunchScreen.storyboard */ = {
			isa = PBXVariantGroup;
			children = (
				B129CB0624EF339200D1E622 /* Base */,
			);
			name = LaunchScreen.storyboard;
			sourceTree = "<group>";
		};
/* End PBXVariantGroup section */

/* Begin XCBuildConfiguration section */
		B129CB0924EF339200D1E622 /* Debug */ = {
			isa = XCBuildConfiguration;
			buildSettings = {
				ALWAYS_SEARCH_USER_PATHS = NO;
				CLANG_ANALYZER_NONNULL = YES;
				CLANG_ANALYZER_NUMBER_OBJECT_CONVERSION = YES_AGGRESSIVE;
				CLANG_CXX_LANGUAGE_STANDARD = "gnu++14";
				CLANG_CXX_LIBRARY = "libc++";
				CLANG_ENABLE_MODULES = YES;
				CLANG_ENABLE_OBJC_ARC = YES;
				CLANG_ENABLE_OBJC_WEAK = YES;
				CLANG_WARN_BLOCK_CAPTURE_AUTORELEASING = YES;
				CLANG_WARN_BOOL_CONVERSION = YES;
				CLANG_WARN_COMMA = YES;
				CLANG_WARN_CONSTANT_CONVERSION = YES;
				CLANG_WARN_DEPRECATED_OBJC_IMPLEMENTATIONS = YES;
				CLANG_WARN_DIRECT_OBJC_ISA_USAGE = YES_ERROR;
				CLANG_WARN_DOCUMENTATION_COMMENTS = YES;
				CLANG_WARN_EMPTY_BODY = YES;
				CLANG_WARN_ENUM_CONVERSION = YES;
				CLANG_WARN_INFINITE_RECURSION = YES;
				CLANG_WARN_INT_CONVERSION = YES;
				CLANG_WARN_NON_LITERAL_NULL_CONVERSION = YES;
				CLANG_WARN_OBJC_IMPLICIT_RETAIN_SELF = YES;
				CLANG_WARN_OBJC_LITERAL_CONVERSION = YES;
				CLANG_WARN_OBJC_ROOT_CLASS = YES_ERROR;
				CLANG_WARN_RANGE_LOOP_ANALYSIS = YES;
				CLANG_WARN_STRICT_PROTOTYPES = YES;
				CLANG_WARN_SUSPICIOUS_MOVE = YES;
				CLANG_WARN_UNGUARDED_AVAILABILITY = YES_AGGRESSIVE;
				CLANG_WARN_UNREACHABLE_CODE = YES;
				CLANG_WARN__DUPLICATE_METHOD_MATCH = YES;
				COPY_PHASE_STRIP = NO;
				DEBUG_INFORMATION_FORMAT = dwarf;
				ENABLE_STRICT_OBJC_MSGSEND = YES;
				ENABLE_TESTABILITY = YES;
				GCC_C_LANGUAGE_STANDARD = gnu11;
				GCC_DYNAMIC_NO_PIC = NO;
				GCC_NO_COMMON_BLOCKS = YES;
				GCC_OPTIMIZATION_LEVEL = 0;
				GCC_PREPROCESSOR_DEFINITIONS = (
					"DEBUG=1",
					"$(inherited)",
				);
				GCC_WARN_64_TO_32_BIT_CONVERSION = YES;
				GCC_WARN_ABOUT_RETURN_TYPE = YES_ERROR;
				GCC_WARN_UNDECLARED_SELECTOR = YES;
				GCC_WARN_UNINITIALIZED_AUTOS = YES_AGGRESSIVE;
				GCC_WARN_UNUSED_FUNCTION = YES;
				GCC_WARN_UNUSED_VARIABLE = YES;
				IPHONEOS_DEPLOYMENT_TARGET = 13.6;
				MTL_ENABLE_DEBUG_INFO = INCLUDE_SOURCE;
				MTL_FAST_MATH = YES;
				ONLY_ACTIVE_ARCH = YES;
				SDKROOT = iphoneos;
				SWIFT_ACTIVE_COMPILATION_CONDITIONS = DEBUG;
				SWIFT_OPTIMIZATION_LEVEL = "-Onone";
			};
			name = Debug;
		};
		B129CB0A24EF339200D1E622 /* Release */ = {
			isa = XCBuildConfiguration;
			buildSettings = {
				ALWAYS_SEARCH_USER_PATHS = NO;
				CLANG_ANALYZER_NONNULL = YES;
				CLANG_ANALYZER_NUMBER_OBJECT_CONVERSION = YES_AGGRESSIVE;
				CLANG_CXX_LANGUAGE_STANDARD = "gnu++14";
				CLANG_CXX_LIBRARY = "libc++";
				CLANG_ENABLE_MODULES = YES;
				CLANG_ENABLE_OBJC_ARC = YES;
				CLANG_ENABLE_OBJC_WEAK = YES;
				CLANG_WARN_BLOCK_CAPTURE_AUTORELEASING = YES;
				CLANG_WARN_BOOL_CONVERSION = YES;
				CLANG_WARN_COMMA = YES;
				CLANG_WARN_CONSTANT_CONVERSION = YES;
				CLANG_WARN_DEPRECATED_OBJC_IMPLEMENTATIONS = YES;
				CLANG_WARN_DIRECT_OBJC_ISA_USAGE = YES_ERROR;
				CLANG_WARN_DOCUMENTATION_COMMENTS = YES;
				CLANG_WARN_EMPTY_BODY = YES;
				CLANG_WARN_ENUM_CONVERSION = YES;
				CLANG_WARN_INFINITE_RECURSION = YES;
				CLANG_WARN_INT_CONVERSION = YES;
				CLANG_WARN_NON_LITERAL_NULL_CONVERSION = YES;
				CLANG_WARN_OBJC_IMPLICIT_RETAIN_SELF = YES;
				CLANG_WARN_OBJC_LITERAL_CONVERSION = YES;
				CLANG_WARN_OBJC_ROOT_CLASS = YES_ERROR;
				CLANG_WARN_RANGE_LOOP_ANALYSIS = YES;
				CLANG_WARN_STRICT_PROTOTYPES = YES;
				CLANG_WARN_SUSPICIOUS_MOVE = YES;
				CLANG_WARN_UNGUARDED_AVAILABILITY = YES_AGGRESSIVE;
				CLANG_WARN_UNREACHABLE_CODE = YES;
				CLANG_WARN__DUPLICATE_METHOD_MATCH = YES;
				COPY_PHASE_STRIP = NO;
				DEBUG_INFORMATION_FORMAT = "dwarf-with-dsym";
				ENABLE_NS_ASSERTIONS = NO;
				ENABLE_STRICT_OBJC_MSGSEND = YES;
				GCC_C_LANGUAGE_STANDARD = gnu11;
				GCC_NO_COMMON_BLOCKS = YES;
				GCC_WARN_64_TO_32_BIT_CONVERSION = YES;
				GCC_WARN_ABOUT_RETURN_TYPE = YES_ERROR;
				GCC_WARN_UNDECLARED_SELECTOR = YES;
				GCC_WARN_UNINITIALIZED_AUTOS = YES_AGGRESSIVE;
				GCC_WARN_UNUSED_FUNCTION = YES;
				GCC_WARN_UNUSED_VARIABLE = YES;
				IPHONEOS_DEPLOYMENT_TARGET = 13.6;
				MTL_ENABLE_DEBUG_INFO = NO;
				MTL_FAST_MATH = YES;
				SDKROOT = iphoneos;
				SWIFT_COMPILATION_MODE = wholemodule;
				SWIFT_OPTIMIZATION_LEVEL = "-O";
				VALIDATE_PRODUCT = YES;
			};
			name = Release;
		};
		B129CB0C24EF339200D1E622 /* Debug */ = {
			isa = XCBuildConfiguration;
			buildSettings = {
				ASSETCATALOG_COMPILER_APPICON_NAME = AppIcon;
				CODE_SIGN_STYLE = Automatic;
				INFOPLIST_FILE = customMapAnnotations/Info.plist;
				LD_RUNPATH_SEARCH_PATHS = (
					"$(inherited)",
					"@executable_path/Frameworks",
				);
				PRODUCT_BUNDLE_IDENTIFIER = randomorgid.customMapAnnotations;
				PRODUCT_NAME = "$(TARGET_NAME)";
				SWIFT_VERSION = 5.0;
				TARGETED_DEVICE_FAMILY = "1,2";
			};
			name = Debug;
		};
		B129CB0D24EF339200D1E622 /* Release */ = {
			isa = XCBuildConfiguration;
			buildSettings = {
				ASSETCATALOG_COMPILER_APPICON_NAME = AppIcon;
				CODE_SIGN_STYLE = Automatic;
				INFOPLIST_FILE = customMapAnnotations/Info.plist;
				LD_RUNPATH_SEARCH_PATHS = (
					"$(inherited)",
					"@executable_path/Frameworks",
				);
				PRODUCT_BUNDLE_IDENTIFIER = randomorgid.customMapAnnotations;
				PRODUCT_NAME = "$(TARGET_NAME)";
				SWIFT_VERSION = 5.0;
				TARGETED_DEVICE_FAMILY = "1,2";
			};
			name = Release;
		};
/* End XCBuildConfiguration section */

/* Begin XCConfigurationList section */
		B129CAF224EF339100D1E622 /* Build configuration list for PBXProject "customMapAnnotations" */ = {
			isa = XCConfigurationList;
			buildConfigurations = (
				B129CB0924EF339200D1E622 /* Debug */,
				B129CB0A24EF339200D1E622 /* Release */,
			);
			defaultConfigurationIsVisible = 0;
			defaultConfigurationName = Release;
		};
		B129CB0B24EF339200D1E622 /* Build configuration list for PBXNativeTarget "customMapAnnotations" */ = {
			isa = XCConfigurationList;
			buildConfigurations = (
				B129CB0C24EF339200D1E622 /* Debug */,
				B129CB0D24EF339200D1E622 /* Release */,
			);
			defaultConfigurationIsVisible = 0;
			defaultConfigurationName = Release;
		};
/* End XCConfigurationList section */
	};
	rootObject = B129CAEF24EF339100D1E622 /* Project object */;
}
